
Microsoft Visual Studio Solution File, Format Version 12.00
# Visual Studio 14
VisualStudioVersion = 14.0.25420.1
MinimumVisualStudioVersion = 10.0.40219.1
Project("{FAE04EC0-301F-11D3-BF4B-00C04F79EFBC}") = "Classroom.Api", "Classroom.Api\Classroom.Api.csproj", "{9AFAACE4-F5EC-4C08-BD4E-29BD9A8584E9}"
EndProject
Project("{FAE04EC0-301F-11D3-BF4B-00C04F79EFBC}") = "Classroom.Api.Tests", "Classroom.Api.Tests\Classroom.Api.Tests.csproj", "{63947664-DAE6-4D21-9697-C383B2F1A229}"
EndProject
Global
	GlobalSection(SolutionConfigurationPlatforms) = preSolution
		Debug|Any CPU = Debug|Any CPU
		Release|Any CPU = Release|Any CPU
	EndGlobalSection
	GlobalSection(ProjectConfigurationPlatforms) = postSolution
		{9AFAACE4-F5EC-4C08-BD4E-29BD9A8584E9}.Debug|Any CPU.ActiveCfg = Debug|Any CPU
		{9AFAACE4-F5EC-4C08-BD4E-29BD9A8584E9}.Debug|Any CPU.Build.0 = Debug|Any CPU
		{9AFAACE4-F5EC-4C08-BD4E-29BD9A8584E9}.Release|Any CPU.ActiveCfg = Release|Any CPU
		{9AFAACE4-F5EC-4C08-BD4E-29BD9A8584E9}.Release|Any CPU.Build.0 = Release|Any CPU
		{63947664-DAE6-4D21-9697-C383B2F1A229}.Debug|Any CPU.ActiveCfg = Debug|Any CPU
		{63947664-DAE6-4D21-9697-C383B2F1A229}.Debug|Any CPU.Build.0 = Debug|Any CPU
		{63947664-DAE6-4D21-9697-C383B2F1A229}.Release|Any CPU.ActiveCfg = Release|Any CPU
		{63947664-DAE6-4D21-9697-C383B2F1A229}.Release|Any CPU.Build.0 = Release|Any CPU
	EndGlobalSection
	GlobalSection(SolutionProperties) = preSolution
		HideSolutionNode = FALSE
	EndGlobalSection
EndGlobal
